// !$*UTF8*$!
{
	archiveVersion = 1;
	classes = {
	};
	objectVersion = 46;
	objects = {

/* Begin PBXBuildFile section */
		9B2BB5420FDCFE09314370EC /* libPods-TDFCategories.a in Frameworks */ = {isa = PBXBuildFile; fileRef = 35986F89FD6E1D7FEE23B6FF /* libPods-TDFCategories.a */; };
		D6DCEE521E5AD9E300476A8C /* main.m in Sources */ = {isa = PBXBuildFile; fileRef = D6DCEE511E5AD9E300476A8C /* main.m */; };
		D6DCEE551E5AD9E300476A8C /* AppDelegate.m in Sources */ = {isa = PBXBuildFile; fileRef = D6DCEE541E5AD9E300476A8C /* AppDelegate.m */; };
		D6DCEE581E5AD9E300476A8C /* ViewController.m in Sources */ = {isa = PBXBuildFile; fileRef = D6DCEE571E5AD9E300476A8C /* ViewController.m */; };
		D6DCEE5B1E5AD9E300476A8C /* Main.storyboard in Resources */ = {isa = PBXBuildFile; fileRef = D6DCEE591E5AD9E300476A8C /* Main.storyboard */; };
		D6DCEE5D1E5AD9E300476A8C /* Assets.xcassets in Resources */ = {isa = PBXBuildFile; fileRef = D6DCEE5C1E5AD9E300476A8C /* Assets.xcassets */; };
		D6DCEE601E5AD9E300476A8C /* LaunchScreen.storyboard in Resources */ = {isa = PBXBuildFile; fileRef = D6DCEE5E1E5AD9E300476A8C /* LaunchScreen.storyboard */; };
		D6DCEE6B1E5AD9E300476A8C /* TDFCategoriesTests.m in Sources */ = {isa = PBXBuildFile; fileRef = D6DCEE6A1E5AD9E300476A8C /* TDFCategoriesTests.m */; };
		D6DCEE761E5AD9E300476A8C /* TDFCategoriesUITests.m in Sources */ = {isa = PBXBuildFile; fileRef = D6DCEE751E5AD9E300476A8C /* TDFCategoriesUITests.m */; };
		D6DCEE8B1E5ADBD200476A8C /* TDFCategories.podspec in Resources */ = {isa = PBXBuildFile; fileRef = D6DCEE8A1E5ADBD200476A8C /* TDFCategories.podspec */; };
		D6DCEE8C1E5ADBD200476A8C /* TDFCategories.podspec in Resources */ = {isa = PBXBuildFile; fileRef = D6DCEE8A1E5ADBD200476A8C /* TDFCategories.podspec */; };
		D6DCEE8D1E5ADBD200476A8C /* TDFCategories.podspec in Resources */ = {isa = PBXBuildFile; fileRef = D6DCEE8A1E5ADBD200476A8C /* TDFCategories.podspec */; };
		D6DCEE9D1E5AE0C200476A8C /* TDFAlertMessageUITests.m in Sources */ = {isa = PBXBuildFile; fileRef = D6DCEE9C1E5AE0C200476A8C /* TDFAlertMessageUITests.m */; };
		D6DCEE9F1E5AE22F00476A8C /* README.md in Sources */ = {isa = PBXBuildFile; fileRef = D6DCEE9E1E5AE22F00476A8C /* README.md */; };
		D6F337451E7A2EF400A2CEA0 /* SecondViewController.m in Sources */ = {isa = PBXBuildFile; fileRef = D6F337441E7A2EF400A2CEA0 /* SecondViewController.m */; };
/* End PBXBuildFile section */

/* Begin PBXContainerItemProxy section */
		D6DCEE671E5AD9E300476A8C /* PBXContainerItemProxy */ = {
			isa = PBXContainerItemProxy;
			containerPortal = D6DCEE451E5AD9E300476A8C /* Project object */;
			proxyType = 1;
			remoteGlobalIDString = D6DCEE4C1E5AD9E300476A8C;
			remoteInfo = TDFCategories;
		};
		D6DCEE721E5AD9E300476A8C /* PBXContainerItemProxy */ = {
			isa = PBXContainerItemProxy;
			containerPortal = D6DCEE451E5AD9E300476A8C /* Project object */;
			proxyType = 1;
			remoteGlobalIDString = D6DCEE4C1E5AD9E300476A8C;
			remoteInfo = TDFCategories;
		};
/* End PBXContainerItemProxy section */

/* Begin PBXFileReference section */
		0648E61460FD946FED5F6E6E /* Pods-TDFCategories.release.xcconfig */ = {isa = PBXFileReference; includeInIndex = 1; lastKnownFileType = text.xcconfig; name = "Pods-TDFCategories.release.xcconfig"; path = "Pods/Target Support Files/Pods-TDFCategories/Pods-TDFCategories.release.xcconfig"; sourceTree = "<group>"; };
		35986F89FD6E1D7FEE23B6FF /* libPods-TDFCategories.a */ = {isa = PBXFileReference; explicitFileType = archive.ar; includeInIndex = 0; path = "libPods-TDFCategories.a"; sourceTree = BUILT_PRODUCTS_DIR; };
		AB675EC3E7200FFEC77B444C /* Pods-TDFCategories.debug.xcconfig */ = {isa = PBXFileReference; includeInIndex = 1; lastKnownFileType = text.xcconfig; name = "Pods-TDFCategories.debug.xcconfig"; path = "Pods/Target Support Files/Pods-TDFCategories/Pods-TDFCategories.debug.xcconfig"; sourceTree = "<group>"; };
		D6DCEE4D1E5AD9E300476A8C /* TDFCategories.app */ = {isa = PBXFileReference; explicitFileType = wrapper.application; includeInIndex = 0; path = TDFCategories.app; sourceTree = BUILT_PRODUCTS_DIR; };
		D6DCEE511E5AD9E300476A8C /* main.m */ = {isa = PBXFileReference; lastKnownFileType = sourcecode.c.objc; path = main.m; sourceTree = "<group>"; };
		D6DCEE531E5AD9E300476A8C /* AppDelegate.h */ = {isa = PBXFileReference; lastKnownFileType = sourcecode.c.h; path = AppDelegate.h; sourceTree = "<group>"; };
		D6DCEE541E5AD9E300476A8C /* AppDelegate.m */ = {isa = PBXFileReference; lastKnownFileType = sourcecode.c.objc; path = AppDelegate.m; sourceTree = "<group>"; };
		D6DCEE561E5AD9E300476A8C /* ViewController.h */ = {isa = PBXFileReference; lastKnownFileType = sourcecode.c.h; path = ViewController.h; sourceTree = "<group>"; };
		D6DCEE571E5AD9E300476A8C /* ViewController.m */ = {isa = PBXFileReference; lastKnownFileType = sourcecode.c.objc; path = ViewController.m; sourceTree = "<group>"; };
		D6DCEE5A1E5AD9E300476A8C /* Base */ = {isa = PBXFileReference; lastKnownFileType = file.storyboard; name = Base; path = Base.lproj/Main.storyboard; sourceTree = "<group>"; };
		D6DCEE5C1E5AD9E300476A8C /* Assets.xcassets */ = {isa = PBXFileReference; lastKnownFileType = folder.assetcatalog; path = Assets.xcassets; sourceTree = "<group>"; };
		D6DCEE5F1E5AD9E300476A8C /* Base */ = {isa = PBXFileReference; lastKnownFileType = file.storyboard; name = Base; path = Base.lproj/LaunchScreen.storyboard; sourceTree = "<group>"; };
		D6DCEE611E5AD9E300476A8C /* Info.plist */ = {isa = PBXFileReference; lastKnownFileType = text.plist.xml; path = Info.plist; sourceTree = "<group>"; };
		D6DCEE661E5AD9E300476A8C /* TDFCategoriesTests.xctest */ = {isa = PBXFileReference; explicitFileType = wrapper.cfbundle; includeInIndex = 0; path = TDFCategoriesTests.xctest; sourceTree = BUILT_PRODUCTS_DIR; };
		D6DCEE6A1E5AD9E300476A8C /* TDFCategoriesTests.m */ = {isa = PBXFileReference; lastKnownFileType = sourcecode.c.objc; path = TDFCategoriesTests.m; sourceTree = "<group>"; };
		D6DCEE6C1E5AD9E300476A8C /* Info.plist */ = {isa = PBXFileReference; lastKnownFileType = text.plist.xml; path = Info.plist; sourceTree = "<group>"; };
		D6DCEE711E5AD9E300476A8C /* TDFCategoriesUITests.xctest */ = {isa = PBXFileReference; explicitFileType = wrapper.cfbundle; includeInIndex = 0; path = TDFCategoriesUITests.xctest; sourceTree = BUILT_PRODUCTS_DIR; };
		D6DCEE751E5AD9E300476A8C /* TDFCategoriesUITests.m */ = {isa = PBXFileReference; lastKnownFileType = sourcecode.c.objc; path = TDFCategoriesUITests.m; sourceTree = "<group>"; };
		D6DCEE771E5AD9E300476A8C /* Info.plist */ = {isa = PBXFileReference; lastKnownFileType = text.plist.xml; path = Info.plist; sourceTree = "<group>"; };
		D6DCEE8A1E5ADBD200476A8C /* TDFCategories.podspec */ = {isa = PBXFileReference; fileEncoding = 4; lastKnownFileType = text; path = TDFCategories.podspec; sourceTree = "<group>"; xcLanguageSpecificationIdentifier = xcode.lang.ruby; };
		D6DCEE9C1E5AE0C200476A8C /* TDFAlertMessageUITests.m */ = {isa = PBXFileReference; fileEncoding = 4; lastKnownFileType = sourcecode.c.objc; path = TDFAlertMessageUITests.m; sourceTree = "<group>"; };
		D6DCEE9E1E5AE22F00476A8C /* README.md */ = {isa = PBXFileReference; fileEncoding = 4; lastKnownFileType = net.daringfireball.markdown; path = README.md; sourceTree = "<group>"; };
		D6F337431E7A2EF400A2CEA0 /* SecondViewController.h */ = {isa = PBXFileReference; fileEncoding = 4; lastKnownFileType = sourcecode.c.h; path = SecondViewController.h; sourceTree = "<group>"; };
		D6F337441E7A2EF400A2CEA0 /* SecondViewController.m */ = {isa = PBXFileReference; fileEncoding = 4; lastKnownFileType = sourcecode.c.objc; path = SecondViewController.m; sourceTree = "<group>"; };
/* End PBXFileReference section */

/* Begin PBXFrameworksBuildPhase section */
		D6DCEE4A1E5AD9E300476A8C /* Frameworks */ = {
			isa = PBXFrameworksBuildPhase;
			buildActionMask = 2147483647;
			files = (
				9B2BB5420FDCFE09314370EC /* libPods-TDFCategories.a in Frameworks */,
			);
			runOnlyForDeploymentPostprocessing = 0;
		};
		D6DCEE631E5AD9E300476A8C /* Frameworks */ = {
			isa = PBXFrameworksBuildPhase;
			buildActionMask = 2147483647;
			files = (
			);
			runOnlyForDeploymentPostprocessing = 0;
		};
		D6DCEE6E1E5AD9E300476A8C /* Frameworks */ = {
			isa = PBXFrameworksBuildPhase;
			buildActionMask = 2147483647;
			files = (
			);
			runOnlyForDeploymentPostprocessing = 0;
		};
/* End PBXFrameworksBuildPhase section */

/* Begin PBXGroup section */
		16C514F4CEEF94C8A9658024 /* Frameworks */ = {
			isa = PBXGroup;
			children = (
				35986F89FD6E1D7FEE23B6FF /* libPods-TDFCategories.a */,
			);
			name = Frameworks;
			sourceTree = "<group>";
		};
		8BD9FE8A338DC54ABD9D51CB /* Pods */ = {
			isa = PBXGroup;
			children = (
				AB675EC3E7200FFEC77B444C /* Pods-TDFCategories.debug.xcconfig */,
				0648E61460FD946FED5F6E6E /* Pods-TDFCategories.release.xcconfig */,
			);
			name = Pods;
			sourceTree = "<group>";
		};
		D6DCEE441E5AD9E300476A8C = {
			isa = PBXGroup;
			children = (
				D6DCEE8A1E5ADBD200476A8C /* TDFCategories.podspec */,
				D6DCEE9E1E5AE22F00476A8C /* README.md */,
				D6DCEE4F1E5AD9E300476A8C /* TDFCategories */,
				D6DCEE691E5AD9E300476A8C /* TDFCategoriesTests */,
				D6DCEE741E5AD9E300476A8C /* TDFCategoriesUITests */,
				D6DCEE4E1E5AD9E300476A8C /* Products */,
				8BD9FE8A338DC54ABD9D51CB /* Pods */,
				16C514F4CEEF94C8A9658024 /* Frameworks */,
			);
			sourceTree = "<group>";
		};
		D6DCEE4E1E5AD9E300476A8C /* Products */ = {
			isa = PBXGroup;
			children = (
				D6DCEE4D1E5AD9E300476A8C /* TDFCategories.app */,
				D6DCEE661E5AD9E300476A8C /* TDFCategoriesTests.xctest */,
				D6DCEE711E5AD9E300476A8C /* TDFCategoriesUITests.xctest */,
			);
			name = Products;
			sourceTree = "<group>";
		};
		D6DCEE4F1E5AD9E300476A8C /* TDFCategories */ = {
			isa = PBXGroup;
			children = (
				D6DCEE531E5AD9E300476A8C /* AppDelegate.h */,
				D6DCEE541E5AD9E300476A8C /* AppDelegate.m */,
				D6DCEE561E5AD9E300476A8C /* ViewController.h */,
				D6DCEE571E5AD9E300476A8C /* ViewController.m */,
				D6F337431E7A2EF400A2CEA0 /* SecondViewController.h */,
				D6F337441E7A2EF400A2CEA0 /* SecondViewController.m */,
				D6DCEE591E5AD9E300476A8C /* Main.storyboard */,
				D6DCEE5C1E5AD9E300476A8C /* Assets.xcassets */,
				D6DCEE5E1E5AD9E300476A8C /* LaunchScreen.storyboard */,
				D6DCEE611E5AD9E300476A8C /* Info.plist */,
				D6DCEE501E5AD9E300476A8C /* Supporting Files */,
			);
			path = TDFCategories;
			sourceTree = "<group>";
		};
		D6DCEE501E5AD9E300476A8C /* Supporting Files */ = {
			isa = PBXGroup;
			children = (
				D6DCEE511E5AD9E300476A8C /* main.m */,
			);
			name = "Supporting Files";
			sourceTree = "<group>";
		};
		D6DCEE691E5AD9E300476A8C /* TDFCategoriesTests */ = {
			isa = PBXGroup;
			children = (
				D6DCEE6A1E5AD9E300476A8C /* TDFCategoriesTests.m */,
				D6DCEE6C1E5AD9E300476A8C /* Info.plist */,
			);
			path = TDFCategoriesTests;
			sourceTree = "<group>";
		};
		D6DCEE741E5AD9E300476A8C /* TDFCategoriesUITests */ = {
			isa = PBXGroup;
			children = (
				D6DCEE751E5AD9E300476A8C /* TDFCategoriesUITests.m */,
				D6DCEE9C1E5AE0C200476A8C /* TDFAlertMessageUITests.m */,
				D6DCEE771E5AD9E300476A8C /* Info.plist */,
			);
			path = TDFCategoriesUITests;
			sourceTree = "<group>";
		};
/* End PBXGroup section */

/* Begin PBXNativeTarget section */
		D6DCEE4C1E5AD9E300476A8C /* TDFCategories */ = {
			isa = PBXNativeTarget;
			buildConfigurationList = D6DCEE7A1E5AD9E300476A8C /* Build configuration list for PBXNativeTarget "TDFCategories" */;
			buildPhases = (
				6E9F06614A81CD4626AB9F95 /* [CP] Check Pods Manifest.lock */,
				D6DCEE491E5AD9E300476A8C /* Sources */,
				D6DCEE4A1E5AD9E300476A8C /* Frameworks */,
				D6DCEE4B1E5AD9E300476A8C /* Resources */,
				FC1B0B285CAFE7397B5A7167 /* [CP] Copy Pods Resources */,
			);
			buildRules = (
			);
			dependencies = (
			);
			name = TDFCategories;
			productName = TDFCategories;
			productReference = D6DCEE4D1E5AD9E300476A8C /* TDFCategories.app */;
			productType = "com.apple.product-type.application";
		};
		D6DCEE651E5AD9E300476A8C /* TDFCategoriesTests */ = {
			isa = PBXNativeTarget;
			buildConfigurationList = D6DCEE7D1E5AD9E300476A8C /* Build configuration list for PBXNativeTarget "TDFCategoriesTests" */;
			buildPhases = (
				D6DCEE621E5AD9E300476A8C /* Sources */,
				D6DCEE631E5AD9E300476A8C /* Frameworks */,
				D6DCEE641E5AD9E300476A8C /* Resources */,
			);
			buildRules = (
			);
			dependencies = (
				D6DCEE681E5AD9E300476A8C /* PBXTargetDependency */,
			);
			name = TDFCategoriesTests;
			productName = TDFCategoriesTests;
			productReference = D6DCEE661E5AD9E300476A8C /* TDFCategoriesTests.xctest */;
			productType = "com.apple.product-type.bundle.unit-test";
		};
		D6DCEE701E5AD9E300476A8C /* TDFCategoriesUITests */ = {
			isa = PBXNativeTarget;
			buildConfigurationList = D6DCEE801E5AD9E300476A8C /* Build configuration list for PBXNativeTarget "TDFCategoriesUITests" */;
			buildPhases = (
				D6DCEE6D1E5AD9E300476A8C /* Sources */,
				D6DCEE6E1E5AD9E300476A8C /* Frameworks */,
				D6DCEE6F1E5AD9E300476A8C /* Resources */,
			);
			buildRules = (
			);
			dependencies = (
				D6DCEE731E5AD9E300476A8C /* PBXTargetDependency */,
			);
			name = TDFCategoriesUITests;
			productName = TDFCategoriesUITests;
			productReference = D6DCEE711E5AD9E300476A8C /* TDFCategoriesUITests.xctest */;
			productType = "com.apple.product-type.bundle.ui-testing";
		};
/* End PBXNativeTarget section */

/* Begin PBXProject section */
		D6DCEE451E5AD9E300476A8C /* Project object */ = {
			isa = PBXProject;
			attributes = {
				LastUpgradeCheck = 0820;
				ORGANIZATIONNAME = tripleCC;
				TargetAttributes = {
					D6DCEE4C1E5AD9E300476A8C = {
						CreatedOnToolsVersion = 8.1;
						DevelopmentTeam = 8BU8NMY9TY;
						ProvisioningStyle = Automatic;
					};
					D6DCEE651E5AD9E300476A8C = {
						CreatedOnToolsVersion = 8.1;
						ProvisioningStyle = Automatic;
						TestTargetID = D6DCEE4C1E5AD9E300476A8C;
					};
					D6DCEE701E5AD9E300476A8C = {
						CreatedOnToolsVersion = 8.1;
						ProvisioningStyle = Automatic;
						TestTargetID = D6DCEE4C1E5AD9E300476A8C;
					};
				};
			};
			buildConfigurationList = D6DCEE481E5AD9E300476A8C /* Build configuration list for PBXProject "TDFCategories" */;
			compatibilityVersion = "Xcode 3.2";
			developmentRegion = English;
			hasScannedForEncodings = 0;
			knownRegions = (
				en,
				Base,
			);
			mainGroup = D6DCEE441E5AD9E300476A8C;
			productRefGroup = D6DCEE4E1E5AD9E300476A8C /* Products */;
			projectDirPath = "";
			projectRoot = "";
			targets = (
				D6DCEE4C1E5AD9E300476A8C /* TDFCategories */,
				D6DCEE651E5AD9E300476A8C /* TDFCategoriesTests */,
				D6DCEE701E5AD9E300476A8C /* TDFCategoriesUITests */,
			);
		};
/* End PBXProject section */

/* Begin PBXResourcesBuildPhase section */
		D6DCEE4B1E5AD9E300476A8C /* Resources */ = {
			isa = PBXResourcesBuildPhase;
			buildActionMask = 2147483647;
			files = (
				D6DCEE601E5AD9E300476A8C /* LaunchScreen.storyboard in Resources */,
				D6DCEE8B1E5ADBD200476A8C /* TDFCategories.podspec in Resources */,
				D6DCEE5D1E5AD9E300476A8C /* Assets.xcassets in Resources */,
				D6DCEE5B1E5AD9E300476A8C /* Main.storyboard in Resources */,
			);
			runOnlyForDeploymentPostprocessing = 0;
		};
		D6DCEE641E5AD9E300476A8C /* Resources */ = {
			isa = PBXResourcesBuildPhase;
			buildActionMask = 2147483647;
			files = (
				D6DCEE8C1E5ADBD200476A8C /* TDFCategories.podspec in Resources */,
			);
			runOnlyForDeploymentPostprocessing = 0;
		};
		D6DCEE6F1E5AD9E300476A8C /* Resources */ = {
			isa = PBXResourcesBuildPhase;
			buildActionMask = 2147483647;
			files = (
				D6DCEE8D1E5ADBD200476A8C /* TDFCategories.podspec in Resources */,
			);
			runOnlyForDeploymentPostprocessing = 0;
		};
/* End PBXResourcesBuildPhase section */

/* Begin PBXShellScriptBuildPhase section */
		6E9F06614A81CD4626AB9F95 /* [CP] Check Pods Manifest.lock */ = {
			isa = PBXShellScriptBuildPhase;
			buildActionMask = 2147483647;
			files = (
			);
			inputPaths = (
				"${PODS_PODFILE_DIR_PATH}/Podfile.lock",
				"${PODS_ROOT}/Manifest.lock",
			);
			name = "[CP] Check Pods Manifest.lock";
			outputPaths = (
				"$(DERIVED_FILE_DIR)/Pods-TDFCategories-checkManifestLockResult.txt",
			);
			runOnlyForDeploymentPostprocessing = 0;
			shellPath = /bin/sh;
			shellScript = "diff \"${PODS_PODFILE_DIR_PATH}/Podfile.lock\" \"${PODS_ROOT}/Manifest.lock\" > /dev/null\nif [ $? != 0 ] ; then\n    # print error to STDERR\n    echo \"error: The sandbox is not in sync with the Podfile.lock. Run 'pod install' or update your CocoaPods installation.\" >&2\n    exit 1\nfi\n# This output is used by Xcode 'outputs' to avoid re-running this script phase.\necho \"SUCCESS\" > \"${SCRIPT_OUTPUT_FILE_0}\"\n";
			showEnvVarsInLog = 0;
		};
		FC1B0B285CAFE7397B5A7167 /* [CP] Copy Pods Resources */ = {
			isa = PBXShellScriptBuildPhase;
			buildActionMask = 2147483647;
			files = (
			);
			inputPaths = (
				"${SRCROOT}/Pods/Target Support Files/Pods-TDFCategories/Pods-TDFCategories-resources.sh",
				"${PODS_ROOT}/../Resources/en.lproj",
				"${PODS_ROOT}/../Resources/th.lproj",
				"${PODS_ROOT}/../Resources/zh-Hans.lproj",
				"${PODS_ROOT}/../Resources/zh-Hant.lproj",
			);
			name = "[CP] Copy Pods Resources";
			outputPaths = (
				"${TARGET_BUILD_DIR}/${UNLOCALIZED_RESOURCES_FOLDER_PATH}/en.lproj",
				"${TARGET_BUILD_DIR}/${UNLOCALIZED_RESOURCES_FOLDER_PATH}/th.lproj",
				"${TARGET_BUILD_DIR}/${UNLOCALIZED_RESOURCES_FOLDER_PATH}/zh-Hans.lproj",
				"${TARGET_BUILD_DIR}/${UNLOCALIZED_RESOURCES_FOLDER_PATH}/zh-Hant.lproj",
			);
			runOnlyForDeploymentPostprocessing = 0;
			shellPath = /bin/sh;
			shellScript = "\"${SRCROOT}/Pods/Target Support Files/Pods-TDFCategories/Pods-TDFCategories-resources.sh\"\n";
			showEnvVarsInLog = 0;
		};
/* End PBXShellScriptBuildPhase section */

/* Begin PBXSourcesBuildPhase section */
		D6DCEE491E5AD9E300476A8C /* Sources */ = {
			isa = PBXSourcesBuildPhase;
			buildActionMask = 2147483647;
			files = (
				D6F337451E7A2EF400A2CEA0 /* SecondViewController.m in Sources */,
				D6DCEE581E5AD9E300476A8C /* ViewController.m in Sources */,
				D6DCEE551E5AD9E300476A8C /* AppDelegate.m in Sources */,
				D6DCEE9F1E5AE22F00476A8C /* README.md in Sources */,
				D6DCEE521E5AD9E300476A8C /* main.m in Sources */,
			);
			runOnlyForDeploymentPostprocessing = 0;
		};
		D6DCEE621E5AD9E300476A8C /* Sources */ = {
			isa = PBXSourcesBuildPhase;
			buildActionMask = 2147483647;
			files = (
				D6DCEE6B1E5AD9E300476A8C /* TDFCategoriesTests.m in Sources */,
			);
			runOnlyForDeploymentPostprocessing = 0;
		};
		D6DCEE6D1E5AD9E300476A8C /* Sources */ = {
			isa = PBXSourcesBuildPhase;
			buildActionMask = 2147483647;
			files = (
				D6DCEE761E5AD9E300476A8C /* TDFCategoriesUITests.m in Sources */,
				D6DCEE9D1E5AE0C200476A8C /* TDFAlertMessageUITests.m in Sources */,
			);
			runOnlyForDeploymentPostprocessing = 0;
		};
/* End PBXSourcesBuildPhase section */

/* Begin PBXTargetDependency section */
		D6DCEE681E5AD9E300476A8C /* PBXTargetDependency */ = {
			isa = PBXTargetDependency;
			target = D6DCEE4C1E5AD9E300476A8C /* TDFCategories */;
			targetProxy = D6DCEE671E5AD9E300476A8C /* PBXContainerItemProxy */;
		};
		D6DCEE731E5AD9E300476A8C /* PBXTargetDependency */ = {
			isa = PBXTargetDependency;
			target = D6DCEE4C1E5AD9E300476A8C /* TDFCategories */;
			targetProxy = D6DCEE721E5AD9E300476A8C /* PBXContainerItemProxy */;
		};
/* End PBXTargetDependency section */

/* Begin PBXVariantGroup section */
		D6DCEE591E5AD9E300476A8C /* Main.storyboard */ = {
			isa = PBXVariantGroup;
			children = (
				D6DCEE5A1E5AD9E300476A8C /* Base */,
			);
			name = Main.storyboard;
			sourceTree = "<group>";
		};
		D6DCEE5E1E5AD9E300476A8C /* LaunchScreen.storyboard */ = {
			isa = PBXVariantGroup;
			children = (
				D6DCEE5F1E5AD9E300476A8C /* Base */,
			);
			name = LaunchScreen.storyboard;
			sourceTree = "<group>";
		};
/* End PBXVariantGroup section */

/* Begin XCBuildConfiguration section */
		D6DCEE781E5AD9E300476A8C /* Debug */ = {
			isa = XCBuildConfiguration;
			buildSettings = {
				ALWAYS_SEARCH_USER_PATHS = NO;
				CLANG_ANALYZER_NONNULL = YES;
				CLANG_CXX_LANGUAGE_STANDARD = "gnu++0x";
				CLANG_CXX_LIBRARY = "libc++";
				CLANG_ENABLE_MODULES = YES;
				CLANG_ENABLE_OBJC_ARC = YES;
				CLANG_WARN_BOOL_CONVERSION = YES;
				CLANG_WARN_CONSTANT_CONVERSION = YES;
				CLANG_WARN_DIRECT_OBJC_ISA_USAGE = YES_ERROR;
				CLANG_WARN_DOCUMENTATION_COMMENTS = YES;
				CLANG_WARN_EMPTY_BODY = YES;
				CLANG_WARN_ENUM_CONVERSION = YES;
				CLANG_WARN_INFINITE_RECURSION = YES;
				CLANG_WARN_INT_CONVERSION = YES;
				CLANG_WARN_OBJC_ROOT_CLASS = YES_ERROR;
				CLANG_WARN_SUSPICIOUS_MOVE = YES;
				CLANG_WARN_SUSPICIOUS_MOVES = YES;
				CLANG_WARN_UNREACHABLE_CODE = YES;
				CLANG_WARN__DUPLICATE_METHOD_MATCH = YES;
				"CODE_SIGN_IDENTITY[sdk=iphoneos*]" = "iPhone Developer";
				COPY_PHASE_STRIP = NO;
				DEBUG_INFORMATION_FORMAT = dwarf;
				ENABLE_STRICT_OBJC_MSGSEND = YES;
				ENABLE_TESTABILITY = YES;
				GCC_C_LANGUAGE_STANDARD = gnu99;
				GCC_DYNAMIC_NO_PIC = NO;
				GCC_NO_COMMON_BLOCKS = YES;
				GCC_OPTIMIZATION_LEVEL = 0;
				GCC_PREPROCESSOR_DEFINITIONS = (
					"DEBUG=1",
					"$(inherited)",
				);
				GCC_WARN_64_TO_32_BIT_CONVERSION = YES;
				GCC_WARN_ABOUT_RETURN_TYPE = YES_ERROR;
				GCC_WARN_UNDECLARED_SELECTOR = YES;
				GCC_WARN_UNINITIALIZED_AUTOS = YES_AGGRESSIVE;
				GCC_WARN_UNUSED_FUNCTION = YES;
				GCC_WARN_UNUSED_VARIABLE = YES;
				IPHONEOS_DEPLOYMENT_TARGET = 10.1;
				MTL_ENABLE_DEBUG_INFO = YES;
				ONLY_ACTIVE_ARCH = YES;
				SDKROOT = iphoneos;
				TARGETED_DEVICE_FAMILY = "1,2";
			};
			name = Debug;
		};
		D6DCEE791E5AD9E300476A8C /* Release */ = {
			isa = XCBuildConfiguration;
			buildSettings = {
				ALWAYS_SEARCH_USER_PATHS = NO;
				CLANG_ANALYZER_NONNULL = YES;
				CLANG_CXX_LANGUAGE_STANDARD = "gnu++0x";
				CLANG_CXX_LIBRARY = "libc++";
				CLANG_ENABLE_MODULES = YES;
				CLANG_ENABLE_OBJC_ARC = YES;
				CLANG_WARN_BOOL_CONVERSION = YES;
				CLANG_WARN_CONSTANT_CONVERSION = YES;
				CLANG_WARN_DIRECT_OBJC_ISA_USAGE = YES_ERROR;
				CLANG_WARN_DOCUMENTATION_COMMENTS = YES;
				CLANG_WARN_EMPTY_BODY = YES;
				CLANG_WARN_ENUM_CONVERSION = YES;
				CLANG_WARN_INFINITE_RECURSION = YES;
				CLANG_WARN_INT_CONVERSION = YES;
				CLANG_WARN_OBJC_ROOT_CLASS = YES_ERROR;
				CLANG_WARN_SUSPICIOUS_MOVE = YES;
				CLANG_WARN_SUSPICIOUS_MOVES = YES;
				CLANG_WARN_UNREACHABLE_CODE = YES;
				CLANG_WARN__DUPLICATE_METHOD_MATCH = YES;
				"CODE_SIGN_IDENTITY[sdk=iphoneos*]" = "iPhone Developer";
				COPY_PHASE_STRIP = NO;
				DEBUG_INFORMATION_FORMAT = "dwarf-with-dsym";
				ENABLE_NS_ASSERTIONS = NO;
				ENABLE_STRICT_OBJC_MSGSEND = YES;
				GCC_C_LANGUAGE_STANDARD = gnu99;
				GCC_NO_COMMON_BLOCKS = YES;
				GCC_WARN_64_TO_32_BIT_CONVERSION = YES;
				GCC_WARN_ABOUT_RETURN_TYPE = YES_ERROR;
				GCC_WARN_UNDECLARED_SELECTOR = YES;
				GCC_WARN_UNINITIALIZED_AUTOS = YES_AGGRESSIVE;
				GCC_WARN_UNUSED_FUNCTION = YES;
				GCC_WARN_UNUSED_VARIABLE = YES;
				IPHONEOS_DEPLOYMENT_TARGET = 10.1;
				MTL_ENABLE_DEBUG_INFO = NO;
				SDKROOT = iphoneos;
				TARGETED_DEVICE_FAMILY = "1,2";
				VALIDATE_PRODUCT = YES;
			};
			name = Release;
		};
		D6DCEE7B1E5AD9E300476A8C /* Debug */ = {
			isa = XCBuildConfiguration;
			baseConfigurationReference = AB675EC3E7200FFEC77B444C /* Pods-TDFCategories.debug.xcconfig */;
			buildSettings = {
				ASSETCATALOG_COMPILER_APPICON_NAME = AppIcon;
				DEVELOPMENT_TEAM = 8BU8NMY9TY;
				INFOPLIST_FILE = TDFCategories/Info.plist;
				LD_RUNPATH_SEARCH_PATHS = "$(inherited) @executable_path/Frameworks";
				PRODUCT_BUNDLE_IDENTIFIER = com.triplec.TDFCategories;
				PRODUCT_NAME = "$(TARGET_NAME)";
			};
			name = Debug;
		};
		D6DCEE7C1E5AD9E300476A8C /* Release */ = {
			isa = XCBuildConfiguration;
			baseConfigurationReference = 0648E61460FD946FED5F6E6E /* Pods-TDFCategories.release.xcconfig */;
			buildSettings = {
				ASSETCATALOG_COMPILER_APPICON_NAME = AppIcon;
				DEVELOPMENT_TEAM = 8BU8NMY9TY;
				INFOPLIST_FILE = TDFCategories/Info.plist;
				LD_RUNPATH_SEARCH_PATHS = "$(inherited) @executable_path/Frameworks";
				PRODUCT_BUNDLE_IDENTIFIER = com.triplec.TDFCategories;
				PRODUCT_NAME = "$(TARGET_NAME)";
			};
			name = Release;
		};
		D6DCEE7E1E5AD9E300476A8C /* Debug */ = {
			isa = XCBuildConfiguration;
			buildSettings = {
				BUNDLE_LOADER = "$(TEST_HOST)";
				INFOPLIST_FILE = TDFCategoriesTests/Info.plist;
				LD_RUNPATH_SEARCH_PATHS = "$(inherited) @executable_path/Frameworks @loader_path/Frameworks";
				PRODUCT_BUNDLE_IDENTIFIER = com.triplec.TDFCategoriesTests;
				PRODUCT_NAME = "$(TARGET_NAME)";
				TEST_HOST = "$(BUILT_PRODUCTS_DIR)/TDFCategories.app/TDFCategories";
			};
			name = Debug;
		};
		D6DCEE7F1E5AD9E300476A8C /* Release */ = {
			isa = XCBuildConfiguration;
			buildSettings = {
				BUNDLE_LOADER = "$(TEST_HOST)";
				INFOPLIST_FILE = TDFCategoriesTests/Info.plist;
				LD_RUNPATH_SEARCH_PATHS = "$(inherited) @executable_path/Frameworks @loader_path/Frameworks";
				PRODUCT_BUNDLE_IDENTIFIER = com.triplec.TDFCategoriesTests;
				PRODUCT_NAME = "$(TARGET_NAME)";
				TEST_HOST = "$(BUILT_PRODUCTS_DIR)/TDFCategories.app/TDFCategories";
			};
			name = Release;
		};
		D6DCEE811E5AD9E300476A8C /* Debug */ = {
			isa = XCBuildConfiguration;
			buildSettings = {
				INFOPLIST_FILE = TDFCategoriesUITests/Info.plist;
				LD_RUNPATH_SEARCH_PATHS = "$(inherited) @executable_path/Frameworks @loader_path/Frameworks";
				PRODUCT_BUNDLE_IDENTIFIER = com.triplec.TDFCategoriesUITests;
				PRODUCT_NAME = "$(TARGET_NAME)";
				TEST_TARGET_NAME = TDFCategories;
			};
			name = Debug;
		};
		D6DCEE821E5AD9E300476A8C /* Release */ = {
			isa = XCBuildConfiguration;
			buildSettings = {
				INFOPLIST_FILE = TDFCategoriesUITests/Info.plist;
				LD_RUNPATH_SEARCH_PATHS = "$(inherited) @executable_path/Frameworks @loader_path/Frameworks";
				PRODUCT_BUNDLE_IDENTIFIER = com.triplec.TDFCategoriesUITests;
				PRODUCT_NAME = "$(TARGET_NAME)";
				TEST_TARGET_NAME = TDFCategories;
			};
			name = Release;
		};
/* End XCBuildConfiguration section */

/* Begin XCConfigurationList section */
		D6DCEE481E5AD9E300476A8C /* Build configuration list for PBXProject "TDFCategories" */ = {
			isa = XCConfigurationList;
			buildConfigurations = (
				D6DCEE781E5AD9E300476A8C /* Debug */,
				D6DCEE791E5AD9E300476A8C /* Release */,
			);
			defaultConfigurationIsVisible = 0;
			defaultConfigurationName = Release;
		};
		D6DCEE7A1E5AD9E300476A8C /* Build configuration list for PBXNativeTarget "TDFCategories" */ = {
			isa = XCConfigurationList;
			buildConfigurations = (
				D6DCEE7B1E5AD9E300476A8C /* Debug */,
				D6DCEE7C1E5AD9E300476A8C /* Release */,
			);
			defaultConfigurationIsVisible = 0;
			defaultConfigurationName = Release;
		};
		D6DCEE7D1E5AD9E300476A8C /* Build configuration list for PBXNativeTarget "TDFCategoriesTests" */ = {
			isa = XCConfigurationList;
			buildConfigurations = (
				D6DCEE7E1E5AD9E300476A8C /* Debug */,
				D6DCEE7F1E5AD9E300476A8C /* Release */,
			);
			defaultConfigurationIsVisible = 0;
			defaultConfigurationName = Release;
		};
		D6DCEE801E5AD9E300476A8C /* Build configuration list for PBXNativeTarget "TDFCategoriesUITests" */ = {
			isa = XCConfigurationList;
			buildConfigurations = (
				D6DCEE811E5AD9E300476A8C /* Debug */,
				D6DCEE821E5AD9E300476A8C /* Release */,
			);
			defaultConfigurationIsVisible = 0;
			defaultConfigurationName = Release;
		};
/* End XCConfigurationList section */
	};
	rootObject = D6DCEE451E5AD9E300476A8C /* Project object */;
}
